
Microsoft Visual Studio Solution File, Format Version 12.00
# Visual Studio Version 17
VisualStudioVersion = 17.11.35303.130
MinimumVisualStudioVersion = 10.0.40219.1
Project("{FAE04EC0-301F-11D3-BF4B-00C04F79EFBC}") = "src-api", "src-api\src-api.csproj", "{FDB5C148-02E8-4B72-9A93-5A744B5CF6CB}"
EndProject
Global
	GlobalSection(SolutionConfigurationPlatforms) = preSolution
		Debug|Any CPU = Debug|Any CPU
		Release|Any CPU = Release|Any CPU
	EndGlobalSection
	GlobalSection(ProjectConfigurationPlatforms) = postSolution
		{FDB5C148-02E8-4B72-9A93-5A744B5CF6CB}.Debug|Any CPU.ActiveCfg = Debug|Any CPU
		{FDB5C148-02E8-4B72-9A93-5A744B5CF6CB}.Debug|Any CPU.Build.0 = Debug|Any CPU
		{FDB5C148-02E8-4B72-9A93-5A744B5CF6CB}.Release|Any CPU.ActiveCfg = Release|Any CPU
		{FDB5C148-02E8-4B72-9A93-5A744B5CF6CB}.Release|Any CPU.Build.0 = Release|Any CPU
	EndGlobalSection
	GlobalSection(SolutionProperties) = preSolution
		HideSolutionNode = FALSE
	EndGlobalSection
	GlobalSection(ExtensibilityGlobals) = postSolution
		SolutionGuid = {118F47FA-FEB6-4726-8193-A8BB88F7FCC7}
	EndGlobalSection
EndGlobal
